// !$*UTF8*$!
{
	archiveVersion = 1;
	classes = {
	};
	objectVersion = 46;
	objects = {

/* Begin PBXBuildFile section */
		844E74C71C565D1600C6BE88 /* AppDelegate.swift in Sources */ = {isa = PBXBuildFile; fileRef = 844E74C61C565D1600C6BE88 /* AppDelegate.swift */; };
		844E74C91C565D1600C6BE88 /* MasterViewController.swift in Sources */ = {isa = PBXBuildFile; fileRef = 844E74C81C565D1600C6BE88 /* MasterViewController.swift */; };
		844E74CB1C565D1600C6BE88 /* DetailViewController.swift in Sources */ = {isa = PBXBuildFile; fileRef = 844E74CA1C565D1600C6BE88 /* DetailViewController.swift */; };
		844E74CE1C565D1600C6BE88 /* Main.storyboard in Resources */ = {isa = PBXBuildFile; fileRef = 844E74CC1C565D1600C6BE88 /* Main.storyboard */; };
		844E74D01C565D1600C6BE88 /* Assets.xcassets in Resources */ = {isa = PBXBuildFile; fileRef = 844E74CF1C565D1600C6BE88 /* Assets.xcassets */; };
		844E74D31C565D1600C6BE88 /* LaunchScreen.storyboard in Resources */ = {isa = PBXBuildFile; fileRef = 844E74D11C565D1600C6BE88 /* LaunchScreen.storyboard */; };
/* End PBXBuildFile section */

/* Begin PBXFileReference section */
		844E74C31C565D1600C6BE88 /* TestApp.app */ = {isa = PBXFileReference; explicitFileType = wrapper.application; includeInIndex = 0; path = TestApp.app; sourceTree = BUILT_PRODUCTS_DIR; };
		844E74C61C565D1600C6BE88 /* AppDelegate.swift */ = {isa = PBXFileReference; lastKnownFileType = sourcecode.swift; path = AppDelegate.swift; sourceTree = "<group>"; };
		844E74C81C565D1600C6BE88 /* MasterViewController.swift */ = {isa = PBXFileReference; lastKnownFileType = sourcecode.swift; path = MasterViewController.swift; sourceTree = "<group>"; };
		844E74CA1C565D1600C6BE88 /* DetailViewController.swift */ = {isa = PBXFileReference; lastKnownFileType = sourcecode.swift; path = DetailViewController.swift; sourceTree = "<group>"; };
		844E74CD1C565D1600C6BE88 /* Base */ = {isa = PBXFileReference; lastKnownFileType = file.storyboard; name = Base; path = Base.lproj/Main.storyboard; sourceTree = "<group>"; };
		844E74CF1C565D1600C6BE88 /* Assets.xcassets */ = {isa = PBXFileReference; lastKnownFileType = folder.assetcatalog; path = Assets.xcassets; sourceTree = "<group>"; };
		844E74D21C565D1600C6BE88 /* Base */ = {isa = PBXFileReference; lastKnownFileType = file.storyboard; name = Base; path = Base.lproj/LaunchScreen.storyboard; sourceTree = "<group>"; };
		844E74D41C565D1600C6BE88 /* Info.plist */ = {isa = PBXFileReference; lastKnownFileType = text.plist.xml; path = Info.plist; sourceTree = "<group>"; };
/* End PBXFileReference section */

/* Begin PBXFrameworksBuildPhase section */
		844E74C01C565D1600C6BE88 /* Frameworks */ = {
			isa = PBXFrameworksBuildPhase;
			buildActionMask = 2147483647;
			files = (
			);
			runOnlyForDeploymentPostprocessing = 0;
		};
/* End PBXFrameworksBuildPhase section */

/* Begin PBXGroup section */
		844E74BA1C565D1600C6BE88 = {
			isa = PBXGroup;
			children = (
				844E74C51C565D1600C6BE88 /* TestApp */,
				844E74C41C565D1600C6BE88 /* Products */,
			);
			sourceTree = "<group>";
		};
		844E74C41C565D1600C6BE88 /* Products */ = {
			isa = PBXGroup;
			children = (
				844E74C31C565D1600C6BE88 /* TestApp.app */,
			);
			name = Products;
			sourceTree = "<group>";
		};
		844E74C51C565D1600C6BE88 /* TestApp */ = {
			isa = PBXGroup;
			children = (
				844E74C61C565D1600C6BE88 /* AppDelegate.swift */,
				844E74C81C565D1600C6BE88 /* MasterViewController.swift */,
				844E74CA1C565D1600C6BE88 /* DetailViewController.swift */,
				844E74CC1C565D1600C6BE88 /* Main.storyboard */,
				844E74CF1C565D1600C6BE88 /* Assets.xcassets */,
				844E74D11C565D1600C6BE88 /* LaunchScreen.storyboard */,
				844E74D41C565D1600C6BE88 /* Info.plist */,
			);
			path = TestApp;
			sourceTree = "<group>";
		};
/* End PBXGroup section */

/* Begin PBXNativeTarget section */
		844E74C21C565D1600C6BE88 /* TestApp */ = {
			isa = PBXNativeTarget;
			buildConfigurationList = 844E74D71C565D1600C6BE88 /* Build configuration list for PBXNativeTarget "TestApp" */;
			buildPhases = (
				844E74BF1C565D1600C6BE88 /* Sources */,
				844E74C01C565D1600C6BE88 /* Frameworks */,
				844E74C11C565D1600C6BE88 /* Resources */,
			);
			buildRules = (
			);
			dependencies = (
			);
			name = TestApp;
			productName = TestApp;
			productReference = 844E74C31C565D1600C6BE88 /* TestApp.app */;
			productType = "com.apple.product-type.application";
		};
/* End PBXNativeTarget section */

/* Begin PBXProject section */
		844E74BB1C565D1600C6BE88 /* Project object */ = {
			isa = PBXProject;
			attributes = {
				LastSwiftUpdateCheck = 0720;
				LastUpgradeCheck = 0720;
				ORGANIZATIONNAME = nobukazu;
				TargetAttributes = {
					844E74C21C565D1600C6BE88 = {
						CreatedOnToolsVersion = 7.2;
						DevelopmentTeam = ZU6EGL53K6;
					};
				};
			};
			buildConfigurationList = 844E74BE1C565D1600C6BE88 /* Build configuration list for PBXProject "TestApp" */;
			compatibilityVersion = "Xcode 3.2";
			developmentRegion = English;
			hasScannedForEncodings = 0;
			knownRegions = (
				en,
				Base,
			);
			mainGroup = 844E74BA1C565D1600C6BE88;
			productRefGroup = 844E74C41C565D1600C6BE88 /* Products */;
			projectDirPath = "";
			projectRoot = "";
			targets = (
				844E74C21C565D1600C6BE88 /* TestApp */,
			);
		};
/* End PBXProject section */

/* Begin PBXResourcesBuildPhase section */
		844E74C11C565D1600C6BE88 /* Resources */ = {
			isa = PBXResourcesBuildPhase;
			buildActionMask = 2147483647;
			files = (
				844E74D31C565D1600C6BE88 /* LaunchScreen.storyboard in Resources */,
				844E74D01C565D1600C6BE88 /* Assets.xcassets in Resources */,
				844E74CE1C565D1600C6BE88 /* Main.storyboard in Resources */,
			);
			runOnlyForDeploymentPostprocessing = 0;
		};
/* End PBXResourcesBuildPhase section */

/* Begin PBXSourcesBuildPhase section */
		844E74BF1C565D1600C6BE88 /* Sources */ = {
			isa = PBXSourcesBuildPhase;
			buildActionMask = 2147483647;
			files = (
				844E74CB1C565D1600C6BE88 /* DetailViewController.swift in Sources */,
				844E74C91C565D1600C6BE88 /* MasterViewController.swift in Sources */,
				844E74C71C565D1600C6BE88 /* AppDelegate.swift in Sources */,
			);
			runOnlyForDeploymentPostprocessing = 0;
		};
/* End PBXSourcesBuildPhase section */

/* Begin PBXVariantGroup section */
		844E74CC1C565D1600C6BE88 /* Main.storyboard */ = {
			isa = PBXVariantGroup;
			children = (
				844E74CD1C565D1600C6BE88 /* Base */,
			);
			name = Main.storyboard;
			sourceTree = "<group>";
		};
		844E74D11C565D1600C6BE88 /* LaunchScreen.storyboard */ = {
			isa = PBXVariantGroup;
			children = (
				844E74D21C565D1600C6BE88 /* Base */,
			);
			name = LaunchScreen.storyboard;
			sourceTree = "<group>";
		};
/* End PBXVariantGroup section */

/* Begin XCBuildConfiguration section */
		844E74D51C565D1600C6BE88 /* Debug */ = {
			isa = XCBuildConfiguration;
			buildSettings = {
				ALWAYS_SEARCH_USER_PATHS = NO;
				CLANG_CXX_LANGUAGE_STANDARD = "gnu++0x";
				CLANG_CXX_LIBRARY = "libc++";
				CLANG_ENABLE_MODULES = YES;
				CLANG_ENABLE_OBJC_ARC = YES;
				CLANG_WARN_BOOL_CONVERSION = YES;
				CLANG_WARN_CONSTANT_CONVERSION = YES;
				CLANG_WARN_DIRECT_OBJC_ISA_USAGE = YES_ERROR;
				CLANG_WARN_EMPTY_BODY = YES;
				CLANG_WARN_ENUM_CONVERSION = YES;
				CLANG_WARN_INT_CONVERSION = YES;
				CLANG_WARN_OBJC_ROOT_CLASS = YES_ERROR;
				CLANG_WARN_UNREACHABLE_CODE = YES;
				CLANG_WARN__DUPLICATE_METHOD_MATCH = YES;
				"CODE_SIGN_IDENTITY[sdk=iphoneos*]" = "iPhone Developer";
				COPY_PHASE_STRIP = NO;
				DEBUG_INFORMATION_FORMAT = dwarf;
				ENABLE_STRICT_OBJC_MSGSEND = YES;
				ENABLE_TESTABILITY = YES;
				GCC_C_LANGUAGE_STANDARD = gnu99;
				GCC_DYNAMIC_NO_PIC = NO;
				GCC_NO_COMMON_BLOCKS = YES;
				GCC_OPTIMIZATION_LEVEL = 0;
				GCC_PREPROCESSOR_DEFINITIONS = (
					"DEBUG=1",
					"$(inherited)",
				);
				GCC_WARN_64_TO_32_BIT_CONVERSION = YES;
				GCC_WARN_ABOUT_RETURN_TYPE = YES_ERROR;
				GCC_WARN_UNDECLARED_SELECTOR = YES;
				GCC_WARN_UNINITIALIZED_AUTOS = YES_AGGRESSIVE;
				GCC_WARN_UNUSED_FUNCTION = YES;
				GCC_WARN_UNUSED_VARIABLE = YES;
				IPHONEOS_DEPLOYMENT_TARGET = 9.2;
				MTL_ENABLE_DEBUG_INFO = YES;
				ONLY_ACTIVE_ARCH = YES;
				SDKROOT = iphoneos;
				SWIFT_OPTIMIZATION_LEVEL = "-Onone";
				TARGETED_DEVICE_FAMILY = 2;
			};
			name = Debug;
		};
		844E74D61C565D1600C6BE88 /* Release */ = {
			isa = XCBuildConfiguration;
			buildSettings = {
				ALWAYS_SEARCH_USER_PATHS = NO;
				CLANG_CXX_LANGUAGE_STANDARD = "gnu++0x";
				CLANG_CXX_LIBRARY = "libc++";
				CLANG_ENABLE_MODULES = YES;
				CLANG_ENABLE_OBJC_ARC = YES;
				CLANG_WARN_BOOL_CONVERSION = YES;
				CLANG_WARN_CONSTANT_CONVERSION = YES;
				CLANG_WARN_DIRECT_OBJC_ISA_USAGE = YES_ERROR;
				CLANG_WARN_EMPTY_BODY = YES;
				CLANG_WARN_ENUM_CONVERSION = YES;
				CLANG_WARN_INT_CONVERSION = YES;
				CLANG_WARN_OBJC_ROOT_CLASS = YES_ERROR;
				CLANG_WARN_UNREACHABLE_CODE = YES;
				CLANG_WARN__DUPLICATE_METHOD_MATCH = YES;
				"CODE_SIGN_IDENTITY[sdk=iphoneos*]" = "iPhone Developer";
				COPY_PHASE_STRIP = NO;
				DEBUG_INFORMATION_FORMAT = "dwarf-with-dsym";
				ENABLE_NS_ASSERTIONS = NO;
				ENABLE_STRICT_OBJC_MSGSEND = YES;
				GCC_C_LANGUAGE_STANDARD = gnu99;
				GCC_NO_COMMON_BLOCKS = YES;
				GCC_WARN_64_TO_32_BIT_CONVERSION = YES;
				GCC_WARN_ABOUT_RETURN_TYPE = YES_ERROR;
				GCC_WARN_UNDECLARED_SELECTOR = YES;
				GCC_WARN_UNINITIALIZED_AUTOS = YES_AGGRESSIVE;
				GCC_WARN_UNUSED_FUNCTION = YES;
				GCC_WARN_UNUSED_VARIABLE = YES;
				IPHONEOS_DEPLOYMENT_TARGET = 9.2;
				MTL_ENABLE_DEBUG_INFO = NO;
				SDKROOT = iphoneos;
				TARGETED_DEVICE_FAMILY = 2;
				VALIDATE_PRODUCT = YES;
			};
			name = Release;
		};
		844E74D81C565D1600C6BE88 /* Debug */ = {
			isa = XCBuildConfiguration;
			buildSettings = {
				ASSETCATALOG_COMPILER_APPICON_NAME = AppIcon;
				INFOPLIST_FILE = TestApp/Info.plist;
				LD_RUNPATH_SEARCH_PATHS = "$(inherited) @executable_path/Frameworks";
				PRODUCT_BUNDLE_IDENTIFIER = com.maeda.TestApp;
				PRODUCT_NAME = "$(TARGET_NAME)";
			};
			name = Debug;
		};
		844E74D91C565D1600C6BE88 /* Release */ = {
			isa = XCBuildConfiguration;
			buildSettings = {
				ASSETCATALOG_COMPILER_APPICON_NAME = AppIcon;
				INFOPLIST_FILE = TestApp/Info.plist;
				LD_RUNPATH_SEARCH_PATHS = "$(inherited) @executable_path/Frameworks";
				PRODUCT_BUNDLE_IDENTIFIER = com.maeda.TestApp;
				PRODUCT_NAME = "$(TARGET_NAME)";
			};
			name = Release;
		};
/* End XCBuildConfiguration section */

/* Begin XCConfigurationList section */
		844E74BE1C565D1600C6BE88 /* Build configuration list for PBXProject "TestApp" */ = {
			isa = XCConfigurationList;
			buildConfigurations = (
				844E74D51C565D1600C6BE88 /* Debug */,
				844E74D61C565D1600C6BE88 /* Release */,
			);
			defaultConfigurationIsVisible = 0;
			defaultConfigurationName = Release;
		};
		844E74D71C565D1600C6BE88 /* Build configuration list for PBXNativeTarget "TestApp" */ = {
			isa = XCConfigurationList;
			buildConfigurations = (
				844E74D81C565D1600C6BE88 /* Debug */,
				844E74D91C565D1600C6BE88 /* Release */,
			);
			defaultConfigurationIsVisible = 0;
		};
/* End XCConfigurationList section */
	};
	rootObject = 844E74BB1C565D1600C6BE88 /* Project object */;
}
